
Microsoft Visual Studio Solution File, Format Version 12.00
# Visual Studio Version 16
VisualStudioVersion = 16.0.30011.22
MinimumVisualStudioVersion = 10.0.40219.1
Project("{FAE04EC0-301F-11D3-BF4B-00C04F79EFBC}") = "Photo.Api", "Photo.Api.csproj", "{7012C850-D430-4F4B-A130-B46F787F8EE6}"
EndProject
Global
	GlobalSection(SolutionConfigurationPlatforms) = preSolution
		Debug|Any CPU = Debug|Any CPU
		Release|Any CPU = Release|Any CPU
	EndGlobalSection
	GlobalSection(ProjectConfigurationPlatforms) = postSolution
		{7012C850-D430-4F4B-A130-B46F787F8EE6}.Debug|Any CPU.ActiveCfg = Debug|Any CPU
		{7012C850-D430-4F4B-A130-B46F787F8EE6}.Debug|Any CPU.Build.0 = Debug|Any CPU
		{7012C850-D430-4F4B-A130-B46F787F8EE6}.Release|Any CPU.ActiveCfg = Release|Any CPU
		{7012C850-D430-4F4B-A130-B46F787F8EE6}.Release|Any CPU.Build.0 = Release|Any CPU
	EndGlobalSection
	GlobalSection(SolutionProperties) = preSolution
		HideSolutionNode = FALSE
	EndGlobalSection
	GlobalSection(ExtensibilityGlobals) = postSolution
		SolutionGuid = {42CF1E7B-0184-4DB0-A7F8-20ECA8BA59BA}
	EndGlobalSection
EndGlobal
